
Microsoft Visual Studio Solution File, Format Version 12.00
# Visual Studio 15
VisualStudioVersion = 15.0.27703.2026
MinimumVisualStudioVersion = 10.0.40219.1
Project("{9A19103F-16F7-4668-BE54-9A1E7A4F7556}") = "WebSocketGlue.Data", "WebSocketGlue.Data\WebSocketGlue.Data.csproj", "{D1AC56E1-95D0-4D0B-AAE3-4125413EA191}"
EndProject
Project("{FAE04EC0-301F-11D3-BF4B-00C04F79EFBC}") = "WebSocketGlue.Data.Tests", "WebSocketGlue.Data.Tests\WebSocketGlue.Data.Tests.csproj", "{45BB9762-A77B-4022-9C45-617DDF6D5EC1}"
EndProject
Global
	GlobalSection(SolutionConfigurationPlatforms) = preSolution
		Debug|Any CPU = Debug|Any CPU
		Release|Any CPU = Release|Any CPU
	EndGlobalSection
	GlobalSection(ProjectConfigurationPlatforms) = postSolution
		{D1AC56E1-95D0-4D0B-AAE3-4125413EA191}.Debug|Any CPU.ActiveCfg = Debug|Any CPU
		{D1AC56E1-95D0-4D0B-AAE3-4125413EA191}.Debug|Any CPU.Build.0 = Debug|Any CPU
		{D1AC56E1-95D0-4D0B-AAE3-4125413EA191}.Release|Any CPU.ActiveCfg = Release|Any CPU
		{D1AC56E1-95D0-4D0B-AAE3-4125413EA191}.Release|Any CPU.Build.0 = Release|Any CPU
		{45BB9762-A77B-4022-9C45-617DDF6D5EC1}.Debug|Any CPU.ActiveCfg = Debug|Any CPU
		{45BB9762-A77B-4022-9C45-617DDF6D5EC1}.Debug|Any CPU.Build.0 = Debug|Any CPU
		{45BB9762-A77B-4022-9C45-617DDF6D5EC1}.Release|Any CPU.ActiveCfg = Release|Any CPU
		{45BB9762-A77B-4022-9C45-617DDF6D5EC1}.Release|Any CPU.Build.0 = Release|Any CPU
	EndGlobalSection
	GlobalSection(SolutionProperties) = preSolution
		HideSolutionNode = FALSE
	EndGlobalSection
	GlobalSection(ExtensibilityGlobals) = postSolution
		SolutionGuid = {97E27F4A-A06F-4372-B3AD-EE90DFD803C8}
	EndGlobalSection
EndGlobal
